// !$*UTF8*$!
{
	archiveVersion = 1;
	classes = {
	};
	objectVersion = 46;
	objects = {

/* Begin PBXBuildFile section */
		70AC66303BCBBB988E591DB6 /* Pods_FirstStep_Grand_Challenge_Project.framework in Frameworks */ = {isa = PBXBuildFile; fileRef = C58A749E6346FFBDC5421891 /* Pods_FirstStep_Grand_Challenge_Project.framework */; };
		F3557BDD1E3FFF07007A7ED8 /* GoogleService-Info.plist in Resources */ = {isa = PBXBuildFile; fileRef = F3557BDC1E3FFF07007A7ED8 /* GoogleService-Info.plist */; };
		F3677AA51E3FF7A40008B68B /* SignInViewController.swift in Sources */ = {isa = PBXBuildFile; fileRef = F3677AA41E3FF7A40008B68B /* SignInViewController.swift */; };
		F3677AA71E3FF7DE0008B68B /* SignUpViewController.swift in Sources */ = {isa = PBXBuildFile; fileRef = F3677AA61E3FF7DE0008B68B /* SignUpViewController.swift */; };
		F384F2321E39546B00DCF760 /* AppDelegate.swift in Sources */ = {isa = PBXBuildFile; fileRef = F384F2311E39546B00DCF760 /* AppDelegate.swift */; };
		F384F2341E39546B00DCF760 /* ViewController.swift in Sources */ = {isa = PBXBuildFile; fileRef = F384F2331E39546B00DCF760 /* ViewController.swift */; };
		F384F2371E39546B00DCF760 /* Main.storyboard in Resources */ = {isa = PBXBuildFile; fileRef = F384F2351E39546B00DCF760 /* Main.storyboard */; };
		F384F2391E39546B00DCF760 /* Assets.xcassets in Resources */ = {isa = PBXBuildFile; fileRef = F384F2381E39546B00DCF760 /* Assets.xcassets */; };
		F384F23C1E39546B00DCF760 /* LaunchScreen.storyboard in Resources */ = {isa = PBXBuildFile; fileRef = F384F23A1E39546B00DCF760 /* LaunchScreen.storyboard */; };
		F384F2471E39546B00DCF760 /* FirstStep_Grand_Challenge_ProjectTests.swift in Sources */ = {isa = PBXBuildFile; fileRef = F384F2461E39546B00DCF760 /* FirstStep_Grand_Challenge_ProjectTests.swift */; };
		F384F2521E39546B00DCF760 /* FirstStep_Grand_Challenge_ProjectUITests.swift in Sources */ = {isa = PBXBuildFile; fileRef = F384F2511E39546B00DCF760 /* FirstStep_Grand_Challenge_ProjectUITests.swift */; };
/* End PBXBuildFile section */

/* Begin PBXContainerItemProxy section */
		F384F2431E39546B00DCF760 /* PBXContainerItemProxy */ = {
			isa = PBXContainerItemProxy;
			containerPortal = F384F2261E39546B00DCF760 /* Project object */;
			proxyType = 1;
			remoteGlobalIDString = F384F22D1E39546B00DCF760;
			remoteInfo = "FirstStep Grand Challenge Project";
		};
		F384F24E1E39546B00DCF760 /* PBXContainerItemProxy */ = {
			isa = PBXContainerItemProxy;
			containerPortal = F384F2261E39546B00DCF760 /* Project object */;
			proxyType = 1;
			remoteGlobalIDString = F384F22D1E39546B00DCF760;
			remoteInfo = "FirstStep Grand Challenge Project";
		};
/* End PBXContainerItemProxy section */

/* Begin PBXFileReference section */
		18F3BD49C7F52C95D8468E2A /* Pods-FirstStep Grand Challenge Project.release.xcconfig */ = {isa = PBXFileReference; includeInIndex = 1; lastKnownFileType = text.xcconfig; name = "Pods-FirstStep Grand Challenge Project.release.xcconfig"; path = "Pods/Target Support Files/Pods-FirstStep Grand Challenge Project/Pods-FirstStep Grand Challenge Project.release.xcconfig"; sourceTree = "<group>"; };
		1BBEF9E85DCED03BCBD0AE91 /* libPods-FirstStep Grand Challenge ProjectTests.a */ = {isa = PBXFileReference; explicitFileType = archive.ar; includeInIndex = 0; path = "libPods-FirstStep Grand Challenge ProjectTests.a"; sourceTree = BUILT_PRODUCTS_DIR; };
		C58A749E6346FFBDC5421891 /* Pods_FirstStep_Grand_Challenge_Project.framework */ = {isa = PBXFileReference; explicitFileType = wrapper.framework; includeInIndex = 0; path = Pods_FirstStep_Grand_Challenge_Project.framework; sourceTree = BUILT_PRODUCTS_DIR; };
		F3557BDC1E3FFF07007A7ED8 /* GoogleService-Info.plist */ = {isa = PBXFileReference; fileEncoding = 4; lastKnownFileType = text.plist.xml; path = "GoogleService-Info.plist"; sourceTree = "<group>"; };
		F3677AA41E3FF7A40008B68B /* SignInViewController.swift */ = {isa = PBXFileReference; fileEncoding = 4; lastKnownFileType = sourcecode.swift; path = SignInViewController.swift; sourceTree = "<group>"; };
		F3677AA61E3FF7DE0008B68B /* SignUpViewController.swift */ = {isa = PBXFileReference; fileEncoding = 4; lastKnownFileType = sourcecode.swift; name = SignUpViewController.swift; path = Assets.xcassets/SignUpViewController.swift; sourceTree = "<group>"; };
		F384F22E1E39546B00DCF760 /* FirstStep Grand Challenge Project.app */ = {isa = PBXFileReference; explicitFileType = wrapper.application; includeInIndex = 0; path = "FirstStep Grand Challenge Project.app"; sourceTree = BUILT_PRODUCTS_DIR; };
		F384F2311E39546B00DCF760 /* AppDelegate.swift */ = {isa = PBXFileReference; lastKnownFileType = sourcecode.swift; path = AppDelegate.swift; sourceTree = "<group>"; };
		F384F2331E39546B00DCF760 /* ViewController.swift */ = {isa = PBXFileReference; lastKnownFileType = sourcecode.swift; path = ViewController.swift; sourceTree = "<group>"; };
		F384F2361E39546B00DCF760 /* Base */ = {isa = PBXFileReference; lastKnownFileType = file.storyboard; name = Base; path = Base.lproj/Main.storyboard; sourceTree = "<group>"; };
		F384F2381E39546B00DCF760 /* Assets.xcassets */ = {isa = PBXFileReference; lastKnownFileType = folder.assetcatalog; path = Assets.xcassets; sourceTree = "<group>"; };
		F384F23B1E39546B00DCF760 /* Base */ = {isa = PBXFileReference; lastKnownFileType = file.storyboard; name = Base; path = Base.lproj/LaunchScreen.storyboard; sourceTree = "<group>"; };
		F384F23D1E39546B00DCF760 /* Info.plist */ = {isa = PBXFileReference; lastKnownFileType = text.plist.xml; path = Info.plist; sourceTree = "<group>"; };
		F384F2421E39546B00DCF760 /* FirstStep Grand Challenge ProjectTests.xctest */ = {isa = PBXFileReference; explicitFileType = wrapper.cfbundle; includeInIndex = 0; path = "FirstStep Grand Challenge ProjectTests.xctest"; sourceTree = BUILT_PRODUCTS_DIR; };
		F384F2461E39546B00DCF760 /* FirstStep_Grand_Challenge_ProjectTests.swift */ = {isa = PBXFileReference; lastKnownFileType = sourcecode.swift; path = FirstStep_Grand_Challenge_ProjectTests.swift; sourceTree = "<group>"; };
		F384F2481E39546B00DCF760 /* Info.plist */ = {isa = PBXFileReference; lastKnownFileType = text.plist.xml; path = Info.plist; sourceTree = "<group>"; };
		F384F24D1E39546B00DCF760 /* FirstStep Grand Challenge ProjectUITests.xctest */ = {isa = PBXFileReference; explicitFileType = wrapper.cfbundle; includeInIndex = 0; path = "FirstStep Grand Challenge ProjectUITests.xctest"; sourceTree = BUILT_PRODUCTS_DIR; };
		F384F2511E39546B00DCF760 /* FirstStep_Grand_Challenge_ProjectUITests.swift */ = {isa = PBXFileReference; lastKnownFileType = sourcecode.swift; path = FirstStep_Grand_Challenge_ProjectUITests.swift; sourceTree = "<group>"; };
		F384F2531E39546B00DCF760 /* Info.plist */ = {isa = PBXFileReference; lastKnownFileType = text.plist.xml; path = Info.plist; sourceTree = "<group>"; };
		F3D6A924C3D09BB3191121B1 /* Pods-FirstStep Grand Challenge Project.debug.xcconfig */ = {isa = PBXFileReference; includeInIndex = 1; lastKnownFileType = text.xcconfig; name = "Pods-FirstStep Grand Challenge Project.debug.xcconfig"; path = "Pods/Target Support Files/Pods-FirstStep Grand Challenge Project/Pods-FirstStep Grand Challenge Project.debug.xcconfig"; sourceTree = "<group>"; };
/* End PBXFileReference section */

/* Begin PBXFrameworksBuildPhase section */
		F384F22B1E39546B00DCF760 /* Frameworks */ = {
			isa = PBXFrameworksBuildPhase;
			buildActionMask = 2147483647;
			files = (
				70AC66303BCBBB988E591DB6 /* Pods_FirstStep_Grand_Challenge_Project.framework in Frameworks */,
			);
			runOnlyForDeploymentPostprocessing = 0;
		};
		F384F23F1E39546B00DCF760 /* Frameworks */ = {
			isa = PBXFrameworksBuildPhase;
			buildActionMask = 2147483647;
			files = (
			);
			runOnlyForDeploymentPostprocessing = 0;
		};
		F384F24A1E39546B00DCF760 /* Frameworks */ = {
			isa = PBXFrameworksBuildPhase;
			buildActionMask = 2147483647;
			files = (
			);
			runOnlyForDeploymentPostprocessing = 0;
		};
/* End PBXFrameworksBuildPhase section */

/* Begin PBXGroup section */
		64979AAE772E0300ABEF2D42 /* Pods */ = {
			isa = PBXGroup;
			children = (
				F3D6A924C3D09BB3191121B1 /* Pods-FirstStep Grand Challenge Project.debug.xcconfig */,
				18F3BD49C7F52C95D8468E2A /* Pods-FirstStep Grand Challenge Project.release.xcconfig */,
			);
			name = Pods;
			sourceTree = "<group>";
		};
		964B30E1D9508B8F02B25F02 /* Frameworks */ = {
			isa = PBXGroup;
			children = (
				1BBEF9E85DCED03BCBD0AE91 /* libPods-FirstStep Grand Challenge ProjectTests.a */,
				C58A749E6346FFBDC5421891 /* Pods_FirstStep_Grand_Challenge_Project.framework */,
			);
			name = Frameworks;
			sourceTree = "<group>";
		};
		F384F2251E39546B00DCF760 = {
			isa = PBXGroup;
			children = (
				F384F2301E39546B00DCF760 /* FirstStep Grand Challenge Project */,
				F384F2451E39546B00DCF760 /* FirstStep Grand Challenge ProjectTests */,
				F384F2501E39546B00DCF760 /* FirstStep Grand Challenge ProjectUITests */,
				F384F22F1E39546B00DCF760 /* Products */,
				64979AAE772E0300ABEF2D42 /* Pods */,
				964B30E1D9508B8F02B25F02 /* Frameworks */,
			);
			sourceTree = "<group>";
		};
		F384F22F1E39546B00DCF760 /* Products */ = {
			isa = PBXGroup;
			children = (
				F384F22E1E39546B00DCF760 /* FirstStep Grand Challenge Project.app */,
				F384F2421E39546B00DCF760 /* FirstStep Grand Challenge ProjectTests.xctest */,
				F384F24D1E39546B00DCF760 /* FirstStep Grand Challenge ProjectUITests.xctest */,
			);
			name = Products;
			sourceTree = "<group>";
		};
		F384F2301E39546B00DCF760 /* FirstStep Grand Challenge Project */ = {
			isa = PBXGroup;
			children = (
				F384F2311E39546B00DCF760 /* AppDelegate.swift */,
				F384F2331E39546B00DCF760 /* ViewController.swift */,
				F384F2351E39546B00DCF760 /* Main.storyboard */,
				F3677AA41E3FF7A40008B68B /* SignInViewController.swift */,
				F384F2381E39546B00DCF760 /* Assets.xcassets */,
				F384F23A1E39546B00DCF760 /* LaunchScreen.storyboard */,
				F384F23D1E39546B00DCF760 /* Info.plist */,
				F3677AA61E3FF7DE0008B68B /* SignUpViewController.swift */,
				F3557BDC1E3FFF07007A7ED8 /* GoogleService-Info.plist */,
			);
			path = "FirstStep Grand Challenge Project";
			sourceTree = "<group>";
		};
		F384F2451E39546B00DCF760 /* FirstStep Grand Challenge ProjectTests */ = {
			isa = PBXGroup;
			children = (
				F384F2461E39546B00DCF760 /* FirstStep_Grand_Challenge_ProjectTests.swift */,
				F384F2481E39546B00DCF760 /* Info.plist */,
			);
			path = "FirstStep Grand Challenge ProjectTests";
			sourceTree = "<group>";
		};
		F384F2501E39546B00DCF760 /* FirstStep Grand Challenge ProjectUITests */ = {
			isa = PBXGroup;
			children = (
				F384F2511E39546B00DCF760 /* FirstStep_Grand_Challenge_ProjectUITests.swift */,
				F384F2531E39546B00DCF760 /* Info.plist */,
			);
			path = "FirstStep Grand Challenge ProjectUITests";
			sourceTree = "<group>";
		};
/* End PBXGroup section */

/* Begin PBXNativeTarget section */
		F384F22D1E39546B00DCF760 /* FirstStep Grand Challenge Project */ = {
			isa = PBXNativeTarget;
			buildConfigurationList = F384F2561E39546B00DCF760 /* Build configuration list for PBXNativeTarget "FirstStep Grand Challenge Project" */;
			buildPhases = (
				73AFE280D7BB28DF8BE7701B /* [CP] Check Pods Manifest.lock */,
				F384F22A1E39546B00DCF760 /* Sources */,
				F384F22B1E39546B00DCF760 /* Frameworks */,
				F384F22C1E39546B00DCF760 /* Resources */,
				60BBC481DF986274ECB1845A /* [CP] Embed Pods Frameworks */,
				08E78C63B96A5ECD0EB00D55 /* [CP] Copy Pods Resources */,
			);
			buildRules = (
			);
			dependencies = (
			);
			name = "FirstStep Grand Challenge Project";
			productName = "FirstStep Grand Challenge Project";
			productReference = F384F22E1E39546B00DCF760 /* FirstStep Grand Challenge Project.app */;
			productType = "com.apple.product-type.application";
		};
		F384F2411E39546B00DCF760 /* FirstStep Grand Challenge ProjectTests */ = {
			isa = PBXNativeTarget;
			buildConfigurationList = F384F2591E39546B00DCF760 /* Build configuration list for PBXNativeTarget "FirstStep Grand Challenge ProjectTests" */;
			buildPhases = (
				F384F23E1E39546B00DCF760 /* Sources */,
				F384F23F1E39546B00DCF760 /* Frameworks */,
				F384F2401E39546B00DCF760 /* Resources */,
			);
			buildRules = (
			);
			dependencies = (
				F384F2441E39546B00DCF760 /* PBXTargetDependency */,
			);
			name = "FirstStep Grand Challenge ProjectTests";
			productName = "FirstStep Grand Challenge ProjectTests";
			productReference = F384F2421E39546B00DCF760 /* FirstStep Grand Challenge ProjectTests.xctest */;
			productType = "com.apple.product-type.bundle.unit-test";
		};
		F384F24C1E39546B00DCF760 /* FirstStep Grand Challenge ProjectUITests */ = {
			isa = PBXNativeTarget;
			buildConfigurationList = F384F25C1E39546B00DCF760 /* Build configuration list for PBXNativeTarget "FirstStep Grand Challenge ProjectUITests" */;
			buildPhases = (
				F384F2491E39546B00DCF760 /* Sources */,
				F384F24A1E39546B00DCF760 /* Frameworks */,
				F384F24B1E39546B00DCF760 /* Resources */,
			);
			buildRules = (
			);
			dependencies = (
				F384F24F1E39546B00DCF760 /* PBXTargetDependency */,
			);
			name = "FirstStep Grand Challenge ProjectUITests";
			productName = "FirstStep Grand Challenge ProjectUITests";
			productReference = F384F24D1E39546B00DCF760 /* FirstStep Grand Challenge ProjectUITests.xctest */;
			productType = "com.apple.product-type.bundle.ui-testing";
		};
/* End PBXNativeTarget section */

/* Begin PBXProject section */
		F384F2261E39546B00DCF760 /* Project object */ = {
			isa = PBXProject;
			attributes = {
				LastSwiftUpdateCheck = 0820;
				LastUpgradeCheck = 0820;
				ORGANIZATIONNAME = "zhanglong Peng";
				TargetAttributes = {
					F384F22D1E39546B00DCF760 = {
						CreatedOnToolsVersion = 8.2.1;
						ProvisioningStyle = Automatic;
					};
					F384F2411E39546B00DCF760 = {
						CreatedOnToolsVersion = 8.2.1;
						DevelopmentTeam = 2TJ7JGKS6P;
						ProvisioningStyle = Automatic;
						TestTargetID = F384F22D1E39546B00DCF760;
					};
					F384F24C1E39546B00DCF760 = {
						CreatedOnToolsVersion = 8.2.1;
						DevelopmentTeam = 2TJ7JGKS6P;
						ProvisioningStyle = Automatic;
						TestTargetID = F384F22D1E39546B00DCF760;
					};
				};
			};
			buildConfigurationList = F384F2291E39546B00DCF760 /* Build configuration list for PBXProject "FirstStep Grand Challenge Project" */;
			compatibilityVersion = "Xcode 3.2";
			developmentRegion = English;
			hasScannedForEncodings = 0;
			knownRegions = (
				en,
				Base,
			);
			mainGroup = F384F2251E39546B00DCF760;
			productRefGroup = F384F22F1E39546B00DCF760 /* Products */;
			projectDirPath = "";
			projectRoot = "";
			targets = (
				F384F22D1E39546B00DCF760 /* FirstStep Grand Challenge Project */,
				F384F2411E39546B00DCF760 /* FirstStep Grand Challenge ProjectTests */,
				F384F24C1E39546B00DCF760 /* FirstStep Grand Challenge ProjectUITests */,
			);
		};
/* End PBXProject section */

/* Begin PBXResourcesBuildPhase section */
		F384F22C1E39546B00DCF760 /* Resources */ = {
			isa = PBXResourcesBuildPhase;
			buildActionMask = 2147483647;
			files = (
				F384F23C1E39546B00DCF760 /* LaunchScreen.storyboard in Resources */,
				F3557BDD1E3FFF07007A7ED8 /* GoogleService-Info.plist in Resources */,
				F384F2391E39546B00DCF760 /* Assets.xcassets in Resources */,
				F384F2371E39546B00DCF760 /* Main.storyboard in Resources */,
			);
			runOnlyForDeploymentPostprocessing = 0;
		};
		F384F2401E39546B00DCF760 /* Resources */ = {
			isa = PBXResourcesBuildPhase;
			buildActionMask = 2147483647;
			files = (
			);
			runOnlyForDeploymentPostprocessing = 0;
		};
		F384F24B1E39546B00DCF760 /* Resources */ = {
			isa = PBXResourcesBuildPhase;
			buildActionMask = 2147483647;
			files = (
			);
			runOnlyForDeploymentPostprocessing = 0;
		};
/* End PBXResourcesBuildPhase section */

/* Begin PBXShellScriptBuildPhase section */
		08E78C63B96A5ECD0EB00D55 /* [CP] Copy Pods Resources */ = {
			isa = PBXShellScriptBuildPhase;
			buildActionMask = 2147483647;
			files = (
			);
			inputPaths = (
			);
			name = "[CP] Copy Pods Resources";
			outputPaths = (
			);
			runOnlyForDeploymentPostprocessing = 0;
			shellPath = /bin/sh;
			shellScript = "\"${SRCROOT}/Pods/Target Support Files/Pods-FirstStep Grand Challenge Project/Pods-FirstStep Grand Challenge Project-resources.sh\"\n";
			showEnvVarsInLog = 0;
		};
		60BBC481DF986274ECB1845A /* [CP] Embed Pods Frameworks */ = {
			isa = PBXShellScriptBuildPhase;
			buildActionMask = 2147483647;
			files = (
			);
			inputPaths = (
			);
			name = "[CP] Embed Pods Frameworks";
			outputPaths = (
			);
			runOnlyForDeploymentPostprocessing = 0;
			shellPath = /bin/sh;
			shellScript = "\"${SRCROOT}/Pods/Target Support Files/Pods-FirstStep Grand Challenge Project/Pods-FirstStep Grand Challenge Project-frameworks.sh\"\n";
			showEnvVarsInLog = 0;
		};
		73AFE280D7BB28DF8BE7701B /* [CP] Check Pods Manifest.lock */ = {
			isa = PBXShellScriptBuildPhase;
			buildActionMask = 2147483647;
			files = (
			);
			inputPaths = (
			);
			name = "[CP] Check Pods Manifest.lock";
			outputPaths = (
			);
			runOnlyForDeploymentPostprocessing = 0;
			shellPath = /bin/sh;
			shellScript = "diff \"${PODS_ROOT}/../Podfile.lock\" \"${PODS_ROOT}/Manifest.lock\" > /dev/null\nif [ $? != 0 ] ; then\n    # print error to STDERR\n    echo \"error: The sandbox is not in sync with the Podfile.lock. Run 'pod install' or update your CocoaPods installation.\" >&2\n    exit 1\nfi\n";
			showEnvVarsInLog = 0;
		};
/* End PBXShellScriptBuildPhase section */

/* Begin PBXSourcesBuildPhase section */
		F384F22A1E39546B00DCF760 /* Sources */ = {
			isa = PBXSourcesBuildPhase;
			buildActionMask = 2147483647;
			files = (
				F384F2341E39546B00DCF760 /* ViewController.swift in Sources */,
				F384F2321E39546B00DCF760 /* AppDelegate.swift in Sources */,
				F3677AA71E3FF7DE0008B68B /* SignUpViewController.swift in Sources */,
				F3677AA51E3FF7A40008B68B /* SignInViewController.swift in Sources */,
			);
			runOnlyForDeploymentPostprocessing = 0;
		};
		F384F23E1E39546B00DCF760 /* Sources */ = {
			isa = PBXSourcesBuildPhase;
			buildActionMask = 2147483647;
			files = (
				F384F2471E39546B00DCF760 /* FirstStep_Grand_Challenge_ProjectTests.swift in Sources */,
			);
			runOnlyForDeploymentPostprocessing = 0;
		};
		F384F2491E39546B00DCF760 /* Sources */ = {
			isa = PBXSourcesBuildPhase;
			buildActionMask = 2147483647;
			files = (
				F384F2521E39546B00DCF760 /* FirstStep_Grand_Challenge_ProjectUITests.swift in Sources */,
			);
			runOnlyForDeploymentPostprocessing = 0;
		};
/* End PBXSourcesBuildPhase section */

/* Begin PBXTargetDependency section */
		F384F2441E39546B00DCF760 /* PBXTargetDependency */ = {
			isa = PBXTargetDependency;
			target = F384F22D1E39546B00DCF760 /* FirstStep Grand Challenge Project */;
			targetProxy = F384F2431E39546B00DCF760 /* PBXContainerItemProxy */;
		};
		F384F24F1E39546B00DCF760 /* PBXTargetDependency */ = {
			isa = PBXTargetDependency;
			target = F384F22D1E39546B00DCF760 /* FirstStep Grand Challenge Project */;
			targetProxy = F384F24E1E39546B00DCF760 /* PBXContainerItemProxy */;
		};
/* End PBXTargetDependency section */

/* Begin PBXVariantGroup section */
		F384F2351E39546B00DCF760 /* Main.storyboard */ = {
			isa = PBXVariantGroup;
			children = (
				F384F2361E39546B00DCF760 /* Base */,
			);
			name = Main.storyboard;
			sourceTree = "<group>";
		};
		F384F23A1E39546B00DCF760 /* LaunchScreen.storyboard */ = {
			isa = PBXVariantGroup;
			children = (
				F384F23B1E39546B00DCF760 /* Base */,
			);
			name = LaunchScreen.storyboard;
			sourceTree = "<group>";
		};
/* End PBXVariantGroup section */

/* Begin XCBuildConfiguration section */
		F384F2541E39546B00DCF760 /* Debug */ = {
			isa = XCBuildConfiguration;
			buildSettings = {
				ALWAYS_SEARCH_USER_PATHS = NO;
				CLANG_ANALYZER_NONNULL = YES;
				CLANG_CXX_LANGUAGE_STANDARD = "gnu++0x";
				CLANG_CXX_LIBRARY = "libc++";
				CLANG_ENABLE_MODULES = YES;
				CLANG_ENABLE_OBJC_ARC = YES;
				CLANG_WARN_BOOL_CONVERSION = YES;
				CLANG_WARN_CONSTANT_CONVERSION = YES;
				CLANG_WARN_DIRECT_OBJC_ISA_USAGE = YES_ERROR;
				CLANG_WARN_DOCUMENTATION_COMMENTS = YES;
				CLANG_WARN_EMPTY_BODY = YES;
				CLANG_WARN_ENUM_CONVERSION = YES;
				CLANG_WARN_INFINITE_RECURSION = YES;
				CLANG_WARN_INT_CONVERSION = YES;
				CLANG_WARN_OBJC_ROOT_CLASS = YES_ERROR;
				CLANG_WARN_SUSPICIOUS_MOVE = YES;
				CLANG_WARN_UNREACHABLE_CODE = YES;
				CLANG_WARN__DUPLICATE_METHOD_MATCH = YES;
				"CODE_SIGN_IDENTITY[sdk=iphoneos*]" = "iPhone Developer";
				COPY_PHASE_STRIP = NO;
				DEBUG_INFORMATION_FORMAT = dwarf;
				ENABLE_STRICT_OBJC_MSGSEND = YES;
				ENABLE_TESTABILITY = YES;
				GCC_C_LANGUAGE_STANDARD = gnu99;
				GCC_DYNAMIC_NO_PIC = NO;
				GCC_NO_COMMON_BLOCKS = YES;
				GCC_OPTIMIZATION_LEVEL = 0;
				GCC_PREPROCESSOR_DEFINITIONS = (
					"DEBUG=1",
					"$(inherited)",
				);
				GCC_WARN_64_TO_32_BIT_CONVERSION = YES;
				GCC_WARN_ABOUT_RETURN_TYPE = YES_ERROR;
				GCC_WARN_UNDECLARED_SELECTOR = YES;
				GCC_WARN_UNINITIALIZED_AUTOS = YES_AGGRESSIVE;
				GCC_WARN_UNUSED_FUNCTION = YES;
				GCC_WARN_UNUSED_VARIABLE = YES;
				IPHONEOS_DEPLOYMENT_TARGET = 10.2;
				MTL_ENABLE_DEBUG_INFO = YES;
				ONLY_ACTIVE_ARCH = YES;
				SDKROOT = iphoneos;
				SWIFT_ACTIVE_COMPILATION_CONDITIONS = DEBUG;
				SWIFT_OPTIMIZATION_LEVEL = "-Onone";
				TARGETED_DEVICE_FAMILY = "1,2";
			};
			name = Debug;
		};
		F384F2551E39546B00DCF760 /* Release */ = {
			isa = XCBuildConfiguration;
			buildSettings = {
				ALWAYS_SEARCH_USER_PATHS = NO;
				CLANG_ANALYZER_NONNULL = YES;
				CLANG_CXX_LANGUAGE_STANDARD = "gnu++0x";
				CLANG_CXX_LIBRARY = "libc++";
				CLANG_ENABLE_MODULES = YES;
				CLANG_ENABLE_OBJC_ARC = YES;
				CLANG_WARN_BOOL_CONVERSION = YES;
				CLANG_WARN_CONSTANT_CONVERSION = YES;
				CLANG_WARN_DIRECT_OBJC_ISA_USAGE = YES_ERROR;
				CLANG_WARN_DOCUMENTATION_COMMENTS = YES;
				CLANG_WARN_EMPTY_BODY = YES;
				CLANG_WARN_ENUM_CONVERSION = YES;
				CLANG_WARN_INFINITE_RECURSION = YES;
				CLANG_WARN_INT_CONVERSION = YES;
				CLANG_WARN_OBJC_ROOT_CLASS = YES_ERROR;
				CLANG_WARN_SUSPICIOUS_MOVE = YES;
				CLANG_WARN_UNREACHABLE_CODE = YES;
				CLANG_WARN__DUPLICATE_METHOD_MATCH = YES;
				"CODE_SIGN_IDENTITY[sdk=iphoneos*]" = "iPhone Developer";
				COPY_PHASE_STRIP = NO;
				DEBUG_INFORMATION_FORMAT = "dwarf-with-dsym";
				ENABLE_NS_ASSERTIONS = NO;
				ENABLE_STRICT_OBJC_MSGSEND = YES;
				GCC_C_LANGUAGE_STANDARD = gnu99;
				GCC_NO_COMMON_BLOCKS = YES;
				GCC_WARN_64_TO_32_BIT_CONVERSION = YES;
				GCC_WARN_ABOUT_RETURN_TYPE = YES_ERROR;
				GCC_WARN_UNDECLARED_SELECTOR = YES;
				GCC_WARN_UNINITIALIZED_AUTOS = YES_AGGRESSIVE;
				GCC_WARN_UNUSED_FUNCTION = YES;
				GCC_WARN_UNUSED_VARIABLE = YES;
				IPHONEOS_DEPLOYMENT_TARGET = 10.2;
				MTL_ENABLE_DEBUG_INFO = NO;
				SDKROOT = iphoneos;
				SWIFT_OPTIMIZATION_LEVEL = "-Owholemodule";
				TARGETED_DEVICE_FAMILY = "1,2";
				VALIDATE_PRODUCT = YES;
			};
			name = Release;
		};
		F384F2571E39546B00DCF760 /* Debug */ = {
			isa = XCBuildConfiguration;
			baseConfigurationReference = F3D6A924C3D09BB3191121B1 /* Pods-FirstStep Grand Challenge Project.debug.xcconfig */;
			buildSettings = {
				ASSETCATALOG_COMPILER_APPICON_NAME = AppIcon;
				DEVELOPMENT_TEAM = "";
				INFOPLIST_FILE = "FirstStep Grand Challenge Project/Info.plist";
				LD_RUNPATH_SEARCH_PATHS = "$(inherited) @executable_path/Frameworks";
				PRODUCT_BUNDLE_IDENTIFIER = "FSteam.FirstStep-Grand-Challenge-Project";
				PRODUCT_NAME = "$(TARGET_NAME)";
				SWIFT_VERSION = 3.0;
			};
			name = Debug;
		};
		F384F2581E39546B00DCF760 /* Release */ = {
			isa = XCBuildConfiguration;
			baseConfigurationReference = 18F3BD49C7F52C95D8468E2A /* Pods-FirstStep Grand Challenge Project.release.xcconfig */;
			buildSettings = {
				ASSETCATALOG_COMPILER_APPICON_NAME = AppIcon;
				DEVELOPMENT_TEAM = "";
				INFOPLIST_FILE = "FirstStep Grand Challenge Project/Info.plist";
				LD_RUNPATH_SEARCH_PATHS = "$(inherited) @executable_path/Frameworks";
				PRODUCT_BUNDLE_IDENTIFIER = "FSteam.FirstStep-Grand-Challenge-Project";
				PRODUCT_NAME = "$(TARGET_NAME)";
				SWIFT_VERSION = 3.0;
			};
			name = Release;
		};
		F384F25A1E39546B00DCF760 /* Debug */ = {
			isa = XCBuildConfiguration;
			buildSettings = {
				ALWAYS_EMBED_SWIFT_STANDARD_LIBRARIES = YES;
				BUNDLE_LOADER = "$(TEST_HOST)";
				DEVELOPMENT_TEAM = 2TJ7JGKS6P;
				INFOPLIST_FILE = "FirstStep Grand Challenge ProjectTests/Info.plist";
				LD_RUNPATH_SEARCH_PATHS = "$(inherited) @executable_path/Frameworks @loader_path/Frameworks";
				PRODUCT_BUNDLE_IDENTIFIER = "FSteam.FirstStep-Grand-Challenge-ProjectTests";
				PRODUCT_NAME = "$(TARGET_NAME)";
				SWIFT_VERSION = 3.0;
				TEST_HOST = "$(BUILT_PRODUCTS_DIR)/FirstStep Grand Challenge Project.app/FirstStep Grand Challenge Project";
			};
			name = Debug;
		};
		F384F25B1E39546B00DCF760 /* Release */ = {
			isa = XCBuildConfiguration;
			buildSettings = {
				ALWAYS_EMBED_SWIFT_STANDARD_LIBRARIES = YES;
				BUNDLE_LOADER = "$(TEST_HOST)";
				DEVELOPMENT_TEAM = 2TJ7JGKS6P;
				INFOPLIST_FILE = "FirstStep Grand Challenge ProjectTests/Info.plist";
				LD_RUNPATH_SEARCH_PATHS = "$(inherited) @executable_path/Frameworks @loader_path/Frameworks";
				PRODUCT_BUNDLE_IDENTIFIER = "FSteam.FirstStep-Grand-Challenge-ProjectTests";
				PRODUCT_NAME = "$(TARGET_NAME)";
				SWIFT_VERSION = 3.0;
				TEST_HOST = "$(BUILT_PRODUCTS_DIR)/FirstStep Grand Challenge Project.app/FirstStep Grand Challenge Project";
			};
			name = Release;
		};
		F384F25D1E39546B00DCF760 /* Debug */ = {
			isa = XCBuildConfiguration;
			buildSettings = {
				ALWAYS_EMBED_SWIFT_STANDARD_LIBRARIES = YES;
				DEVELOPMENT_TEAM = 2TJ7JGKS6P;
				INFOPLIST_FILE = "FirstStep Grand Challenge ProjectUITests/Info.plist";
				LD_RUNPATH_SEARCH_PATHS = "$(inherited) @executable_path/Frameworks @loader_path/Frameworks";
				PRODUCT_BUNDLE_IDENTIFIER = "FSteam.FirstStep-Grand-Challenge-ProjectUITests";
				PRODUCT_NAME = "$(TARGET_NAME)";
				SWIFT_VERSION = 3.0;
				TEST_TARGET_NAME = "FirstStep Grand Challenge Project";
			};
			name = Debug;
		};
		F384F25E1E39546B00DCF760 /* Release */ = {
			isa = XCBuildConfiguration;
			buildSettings = {
				ALWAYS_EMBED_SWIFT_STANDARD_LIBRARIES = YES;
				DEVELOPMENT_TEAM = 2TJ7JGKS6P;
				INFOPLIST_FILE = "FirstStep Grand Challenge ProjectUITests/Info.plist";
				LD_RUNPATH_SEARCH_PATHS = "$(inherited) @executable_path/Frameworks @loader_path/Frameworks";
				PRODUCT_BUNDLE_IDENTIFIER = "FSteam.FirstStep-Grand-Challenge-ProjectUITests";
				PRODUCT_NAME = "$(TARGET_NAME)";
				SWIFT_VERSION = 3.0;
				TEST_TARGET_NAME = "FirstStep Grand Challenge Project";
			};
			name = Release;
		};
/* End XCBuildConfiguration section */

/* Begin XCConfigurationList section */
		F384F2291E39546B00DCF760 /* Build configuration list for PBXProject "FirstStep Grand Challenge Project" */ = {
			isa = XCConfigurationList;
			buildConfigurations = (
				F384F2541E39546B00DCF760 /* Debug */,
				F384F2551E39546B00DCF760 /* Release */,
			);
			defaultConfigurationIsVisible = 0;
			defaultConfigurationName = Release;
		};
		F384F2561E39546B00DCF760 /* Build configuration list for PBXNativeTarget "FirstStep Grand Challenge Project" */ = {
			isa = XCConfigurationList;
			buildConfigurations = (
				F384F2571E39546B00DCF760 /* Debug */,
				F384F2581E39546B00DCF760 /* Release */,
			);
			defaultConfigurationIsVisible = 0;
			defaultConfigurationName = Release;
		};
		F384F2591E39546B00DCF760 /* Build configuration list for PBXNativeTarget "FirstStep Grand Challenge ProjectTests" */ = {
			isa = XCConfigurationList;
			buildConfigurations = (
				F384F25A1E39546B00DCF760 /* Debug */,
				F384F25B1E39546B00DCF760 /* Release */,
			);
			defaultConfigurationIsVisible = 0;
			defaultConfigurationName = Release;
		};
		F384F25C1E39546B00DCF760 /* Build configuration list for PBXNativeTarget "FirstStep Grand Challenge ProjectUITests" */ = {
			isa = XCConfigurationList;
			buildConfigurations = (
				F384F25D1E39546B00DCF760 /* Debug */,
				F384F25E1E39546B00DCF760 /* Release */,
			);
			defaultConfigurationIsVisible = 0;
			defaultConfigurationName = Release;
		};
/* End XCConfigurationList section */
	};
	rootObject = F384F2261E39546B00DCF760 /* Project object */;
}
